// !$*UTF8*$!
{
	archiveVersion = 1;
	classes = {
	};
	objectVersion = 56;
	objects = {

/* Begin PBXBuildFile section */
		5B6CFCE829267749007CCEB1 /* AppDelegate.swift in Sources */ = {isa = PBXBuildFile; fileRef = 5B6CFCE729267749007CCEB1 /* AppDelegate.swift */; };
		5B6CFCEA29267749007CCEB1 /* SceneDelegate.swift in Sources */ = {isa = PBXBuildFile; fileRef = 5B6CFCE929267749007CCEB1 /* SceneDelegate.swift */; };
		5B6CFCEC29267749007CCEB1 /* MainTabBarViewController.swift in Sources */ = {isa = PBXBuildFile; fileRef = 5B6CFCEB29267749007CCEB1 /* MainTabBarViewController.swift */; };
		5B6CFCF129267749007CCEB1 /* Assets.xcassets in Resources */ = {isa = PBXBuildFile; fileRef = 5B6CFCF029267749007CCEB1 /* Assets.xcassets */; };
		5B6CFCF429267749007CCEB1 /* LaunchScreen.storyboard in Resources */ = {isa = PBXBuildFile; fileRef = 5B6CFCF229267749007CCEB1 /* LaunchScreen.storyboard */; };
		5B6CFCFD292679D2007CCEB1 /* HomeViewController.swift in Sources */ = {isa = PBXBuildFile; fileRef = 5B6CFCFC292679D2007CCEB1 /* HomeViewController.swift */; };
		5B6CFCFF29267A15007CCEB1 /* UpCommingViewController.swift in Sources */ = {isa = PBXBuildFile; fileRef = 5B6CFCFE29267A15007CCEB1 /* UpCommingViewController.swift */; };
		5B6CFD0129267A57007CCEB1 /* SearchViewController.swift in Sources */ = {isa = PBXBuildFile; fileRef = 5B6CFD0029267A57007CCEB1 /* SearchViewController.swift */; };
		5B6CFD0329267A9A007CCEB1 /* DownloadsViewController.swift in Sources */ = {isa = PBXBuildFile; fileRef = 5B6CFD0229267A9A007CCEB1 /* DownloadsViewController.swift */; };
		5B6CFD0A29268F13007CCEB1 /* CollectionViewTableViewCell.swift in Sources */ = {isa = PBXBuildFile; fileRef = 5B6CFD0929268F13007CCEB1 /* CollectionViewTableViewCell.swift */; };
		5B6CFD0C2926B773007CCEB1 /* HeroHeaderUIView.swift in Sources */ = {isa = PBXBuildFile; fileRef = 5B6CFD0B2926B773007CCEB1 /* HeroHeaderUIView.swift */; };
		5BC476B02928BC2E003282E6 /* TitleTableViewCell.swift in Sources */ = {isa = PBXBuildFile; fileRef = 5BC476AF2928BC2E003282E6 /* TitleTableViewCell.swift */; };
		5BC476B22928C659003282E6 /* TitleViewModel.swift in Sources */ = {isa = PBXBuildFile; fileRef = 5BC476B12928C659003282E6 /* TitleViewModel.swift */; };
		5BD30404292A1597005F3E99 /* SearchResultsViewController.swift in Sources */ = {isa = PBXBuildFile; fileRef = 5BD30403292A1597005F3E99 /* SearchResultsViewController.swift */; };
		5BD40D5C292753370091CCF7 /* APICaller.swift in Sources */ = {isa = PBXBuildFile; fileRef = 5BD40D5B292753370091CCF7 /* APICaller.swift */; };
		5BD40D5E292759FD0091CCF7 /* Title.swift in Sources */ = {isa = PBXBuildFile; fileRef = 5BD40D5D292759FD0091CCF7 /* Title.swift */; };
		5BD40D6029275FF50091CCF7 /* Extensions.swift in Sources */ = {isa = PBXBuildFile; fileRef = 5BD40D5F29275FF50091CCF7 /* Extensions.swift */; };
		5BD40D6429277BA10091CCF7 /* TitleCollectionViewCell.swift in Sources */ = {isa = PBXBuildFile; fileRef = 5BD40D6329277BA10091CCF7 /* TitleCollectionViewCell.swift */; };
		5BD40D6729277DB60091CCF7 /* SDWebImage in Frameworks */ = {isa = PBXBuildFile; productRef = 5BD40D6629277DB60091CCF7 /* SDWebImage */; };
		5BD40D6929277DB60091CCF7 /* SDWebImageMapKit in Frameworks */ = {isa = PBXBuildFile; productRef = 5BD40D6829277DB60091CCF7 /* SDWebImageMapKit */; };
		5BEBCA86292A921B00872E75 /* YoutubeSearchResponse.swift in Sources */ = {isa = PBXBuildFile; fileRef = 5BEBCA85292A921B00872E75 /* YoutubeSearchResponse.swift */; };
		5BEBCA88292A9C3D00872E75 /* TitlePreviewViewController.swift in Sources */ = {isa = PBXBuildFile; fileRef = 5BEBCA87292A9C3D00872E75 /* TitlePreviewViewController.swift */; };
		5BEBCA8A292AA17600872E75 /* TitlePreviewViewModel.swift in Sources */ = {isa = PBXBuildFile; fileRef = 5BEBCA89292AA17600872E75 /* TitlePreviewViewModel.swift */; };
/* End PBXBuildFile section */

/* Begin PBXFileReference section */
		5B6CFCE429267749007CCEB1 /* Netflix Clone.app */ = {isa = PBXFileReference; explicitFileType = wrapper.application; includeInIndex = 0; path = "Netflix Clone.app"; sourceTree = BUILT_PRODUCTS_DIR; };
		5B6CFCE729267749007CCEB1 /* AppDelegate.swift */ = {isa = PBXFileReference; lastKnownFileType = sourcecode.swift; path = AppDelegate.swift; sourceTree = "<group>"; };
		5B6CFCE929267749007CCEB1 /* SceneDelegate.swift */ = {isa = PBXFileReference; lastKnownFileType = sourcecode.swift; path = SceneDelegate.swift; sourceTree = "<group>"; };
		5B6CFCEB29267749007CCEB1 /* MainTabBarViewController.swift */ = {isa = PBXFileReference; lastKnownFileType = sourcecode.swift; path = MainTabBarViewController.swift; sourceTree = "<group>"; };
		5B6CFCF029267749007CCEB1 /* Assets.xcassets */ = {isa = PBXFileReference; lastKnownFileType = folder.assetcatalog; path = Assets.xcassets; sourceTree = "<group>"; };
		5B6CFCF329267749007CCEB1 /* Base */ = {isa = PBXFileReference; lastKnownFileType = file.storyboard; name = Base; path = Base.lproj/LaunchScreen.storyboard; sourceTree = "<group>"; };
		5B6CFCF529267749007CCEB1 /* Info.plist */ = {isa = PBXFileReference; lastKnownFileType = text.plist.xml; path = Info.plist; sourceTree = "<group>"; };
		5B6CFCFC292679D2007CCEB1 /* HomeViewController.swift */ = {isa = PBXFileReference; lastKnownFileType = sourcecode.swift; path = HomeViewController.swift; sourceTree = "<group>"; };
		5B6CFCFE29267A15007CCEB1 /* UpCommingViewController.swift */ = {isa = PBXFileReference; lastKnownFileType = sourcecode.swift; path = UpCommingViewController.swift; sourceTree = "<group>"; };
		5B6CFD0029267A57007CCEB1 /* SearchViewController.swift */ = {isa = PBXFileReference; lastKnownFileType = sourcecode.swift; path = SearchViewController.swift; sourceTree = "<group>"; };
		5B6CFD0229267A9A007CCEB1 /* DownloadsViewController.swift */ = {isa = PBXFileReference; lastKnownFileType = sourcecode.swift; path = DownloadsViewController.swift; sourceTree = "<group>"; };
		5B6CFD0929268F13007CCEB1 /* CollectionViewTableViewCell.swift */ = {isa = PBXFileReference; lastKnownFileType = sourcecode.swift; path = CollectionViewTableViewCell.swift; sourceTree = "<group>"; };
		5B6CFD0B2926B773007CCEB1 /* HeroHeaderUIView.swift */ = {isa = PBXFileReference; lastKnownFileType = sourcecode.swift; path = HeroHeaderUIView.swift; sourceTree = "<group>"; };
		5BC476AF2928BC2E003282E6 /* TitleTableViewCell.swift */ = {isa = PBXFileReference; lastKnownFileType = sourcecode.swift; path = TitleTableViewCell.swift; sourceTree = "<group>"; };
		5BC476B12928C659003282E6 /* TitleViewModel.swift */ = {isa = PBXFileReference; lastKnownFileType = sourcecode.swift; path = TitleViewModel.swift; sourceTree = "<group>"; };
		5BD30403292A1597005F3E99 /* SearchResultsViewController.swift */ = {isa = PBXFileReference; lastKnownFileType = sourcecode.swift; path = SearchResultsViewController.swift; sourceTree = "<group>"; };
		5BD40D5B292753370091CCF7 /* APICaller.swift */ = {isa = PBXFileReference; lastKnownFileType = sourcecode.swift; path = APICaller.swift; sourceTree = "<group>"; };
		5BD40D5D292759FD0091CCF7 /* Title.swift */ = {isa = PBXFileReference; lastKnownFileType = sourcecode.swift; path = Title.swift; sourceTree = "<group>"; };
		5BD40D5F29275FF50091CCF7 /* Extensions.swift */ = {isa = PBXFileReference; lastKnownFileType = sourcecode.swift; path = Extensions.swift; sourceTree = "<group>"; };
		5BD40D6329277BA10091CCF7 /* TitleCollectionViewCell.swift */ = {isa = PBXFileReference; lastKnownFileType = sourcecode.swift; path = TitleCollectionViewCell.swift; sourceTree = "<group>"; };
		5BEBCA85292A921B00872E75 /* YoutubeSearchResponse.swift */ = {isa = PBXFileReference; lastKnownFileType = sourcecode.swift; path = YoutubeSearchResponse.swift; sourceTree = "<group>"; };
		5BEBCA87292A9C3D00872E75 /* TitlePreviewViewController.swift */ = {isa = PBXFileReference; lastKnownFileType = sourcecode.swift; path = TitlePreviewViewController.swift; sourceTree = "<group>"; };
		5BEBCA89292AA17600872E75 /* TitlePreviewViewModel.swift */ = {isa = PBXFileReference; lastKnownFileType = sourcecode.swift; path = TitlePreviewViewModel.swift; sourceTree = "<group>"; };
/* End PBXFileReference section */

/* Begin PBXFrameworksBuildPhase section */
		5B6CFCE129267749007CCEB1 /* Frameworks */ = {
			isa = PBXFrameworksBuildPhase;
			buildActionMask = 2147483647;
			files = (
				5BD40D6929277DB60091CCF7 /* SDWebImageMapKit in Frameworks */,
				5BD40D6729277DB60091CCF7 /* SDWebImage in Frameworks */,
			);
			runOnlyForDeploymentPostprocessing = 0;
		};
/* End PBXFrameworksBuildPhase section */

/* Begin PBXGroup section */
		5B6CFCDB29267749007CCEB1 = {
			isa = PBXGroup;
			children = (
				5B6CFCE629267749007CCEB1 /* Netflix Clone */,
				5B6CFCE529267749007CCEB1 /* Products */,
			);
			sourceTree = "<group>";
		};
		5B6CFCE529267749007CCEB1 /* Products */ = {
			isa = PBXGroup;
			children = (
				5B6CFCE429267749007CCEB1 /* Netflix Clone.app */,
			);
			name = Products;
			sourceTree = "<group>";
		};
		5B6CFCE629267749007CCEB1 /* Netflix Clone */ = {
			isa = PBXGroup;
			children = (
				5B6CFD0829268EB6007CCEB1 /* Managers */,
				5B6CFD0729268EAE007CCEB1 /* Resources */,
				5B6CFD0629268E74007CCEB1 /* Models */,
				5B6CFD0429268E57007CCEB1 /* Views */,
				5B6CFD0529268E63007CCEB1 /* ViewModels */,
				5B6CFCFB292679A0007CCEB1 /* Controllers */,
				5B6CFCE729267749007CCEB1 /* AppDelegate.swift */,
				5B6CFCE929267749007CCEB1 /* SceneDelegate.swift */,
				5B6CFCEB29267749007CCEB1 /* MainTabBarViewController.swift */,
				5B6CFCF029267749007CCEB1 /* Assets.xcassets */,
				5B6CFCF229267749007CCEB1 /* LaunchScreen.storyboard */,
				5B6CFCF529267749007CCEB1 /* Info.plist */,
			);
			path = "Netflix Clone";
			sourceTree = "<group>";
		};
		5B6CFCFB292679A0007CCEB1 /* Controllers */ = {
			isa = PBXGroup;
			children = (
				5BD30406292A1601005F3E99 /* General */,
				5BD30405292A15DF005F3E99 /* Core */,
			);
			path = Controllers;
			sourceTree = "<group>";
		};
		5B6CFD0429268E57007CCEB1 /* Views */ = {
			isa = PBXGroup;
			children = (
				5B6CFD0929268F13007CCEB1 /* CollectionViewTableViewCell.swift */,
				5B6CFD0B2926B773007CCEB1 /* HeroHeaderUIView.swift */,
				5BD40D6329277BA10091CCF7 /* TitleCollectionViewCell.swift */,
				5BC476AF2928BC2E003282E6 /* TitleTableViewCell.swift */,
			);
			path = Views;
			sourceTree = "<group>";
		};
		5B6CFD0529268E63007CCEB1 /* ViewModels */ = {
			isa = PBXGroup;
			children = (
				5BC476B12928C659003282E6 /* TitleViewModel.swift */,
				5BEBCA89292AA17600872E75 /* TitlePreviewViewModel.swift */,
			);
			path = ViewModels;
			sourceTree = "<group>";
		};
		5B6CFD0629268E74007CCEB1 /* Models */ = {
			isa = PBXGroup;
			children = (
				5BD40D5D292759FD0091CCF7 /* Title.swift */,
				5BEBCA85292A921B00872E75 /* YoutubeSearchResponse.swift */,
			);
			path = Models;
			sourceTree = "<group>";
		};
		5B6CFD0729268EAE007CCEB1 /* Resources */ = {
			isa = PBXGroup;
			children = (
				5BD40D5F29275FF50091CCF7 /* Extensions.swift */,
			);
			path = Resources;
			sourceTree = "<group>";
		};
		5B6CFD0829268EB6007CCEB1 /* Managers */ = {
			isa = PBXGroup;
			children = (
				5BD40D5B292753370091CCF7 /* APICaller.swift */,
			);
			path = Managers;
			sourceTree = "<group>";
		};
		5BD30405292A15DF005F3E99 /* Core */ = {
			isa = PBXGroup;
			children = (
				5B6CFCFC292679D2007CCEB1 /* HomeViewController.swift */,
				5B6CFCFE29267A15007CCEB1 /* UpCommingViewController.swift */,
				5B6CFD0029267A57007CCEB1 /* SearchViewController.swift */,
				5B6CFD0229267A9A007CCEB1 /* DownloadsViewController.swift */,
			);
			path = Core;
			sourceTree = "<group>";
		};
		5BD30406292A1601005F3E99 /* General */ = {
			isa = PBXGroup;
			children = (
				5BD30403292A1597005F3E99 /* SearchResultsViewController.swift */,
				5BEBCA87292A9C3D00872E75 /* TitlePreviewViewController.swift */,
			);
			path = General;
			sourceTree = "<group>";
		};
/* End PBXGroup section */

/* Begin PBXNativeTarget section */
		5B6CFCE329267749007CCEB1 /* Netflix Clone */ = {
			isa = PBXNativeTarget;
			buildConfigurationList = 5B6CFCF829267749007CCEB1 /* Build configuration list for PBXNativeTarget "Netflix Clone" */;
			buildPhases = (
				5B6CFCE029267749007CCEB1 /* Sources */,
				5B6CFCE129267749007CCEB1 /* Frameworks */,
				5B6CFCE229267749007CCEB1 /* Resources */,
			);
			buildRules = (
			);
			dependencies = (
			);
			name = "Netflix Clone";
			packageProductDependencies = (
				5BD40D6629277DB60091CCF7 /* SDWebImage */,
				5BD40D6829277DB60091CCF7 /* SDWebImageMapKit */,
			);
			productName = "Netflix Clone";
			productReference = 5B6CFCE429267749007CCEB1 /* Netflix Clone.app */;
			productType = "com.apple.product-type.application";
		};
/* End PBXNativeTarget section */

/* Begin PBXProject section */
		5B6CFCDC29267749007CCEB1 /* Project object */ = {
			isa = PBXProject;
			attributes = {
				BuildIndependentTargetsInParallel = 1;
				LastSwiftUpdateCheck = 1400;
				LastUpgradeCheck = 1400;
				TargetAttributes = {
					5B6CFCE329267749007CCEB1 = {
						CreatedOnToolsVersion = 14.0.1;
					};
				};
			};
			buildConfigurationList = 5B6CFCDF29267749007CCEB1 /* Build configuration list for PBXProject "Netflix Clone" */;
			compatibilityVersion = "Xcode 14.0";
			developmentRegion = en;
			hasScannedForEncodings = 0;
			knownRegions = (
				en,
				Base,
			);
			mainGroup = 5B6CFCDB29267749007CCEB1;
			packageReferences = (
				5BD40D6529277DB60091CCF7 /* XCRemoteSwiftPackageReference "SDWebImage" */,
			);
			productRefGroup = 5B6CFCE529267749007CCEB1 /* Products */;
			projectDirPath = "";
			projectRoot = "";
			targets = (
				5B6CFCE329267749007CCEB1 /* Netflix Clone */,
			);
		};
/* End PBXProject section */

/* Begin PBXResourcesBuildPhase section */
		5B6CFCE229267749007CCEB1 /* Resources */ = {
			isa = PBXResourcesBuildPhase;
			buildActionMask = 2147483647;
			files = (
				5B6CFCF429267749007CCEB1 /* LaunchScreen.storyboard in Resources */,
				5B6CFCF129267749007CCEB1 /* Assets.xcassets in Resources */,
			);
			runOnlyForDeploymentPostprocessing = 0;
		};
/* End PBXResourcesBuildPhase section */

/* Begin PBXSourcesBuildPhase section */
		5B6CFCE029267749007CCEB1 /* Sources */ = {
			isa = PBXSourcesBuildPhase;
			buildActionMask = 2147483647;
			files = (
				5BC476B02928BC2E003282E6 /* TitleTableViewCell.swift in Sources */,
				5B6CFD0129267A57007CCEB1 /* SearchViewController.swift in Sources */,
				5BD40D6429277BA10091CCF7 /* TitleCollectionViewCell.swift in Sources */,
				5B6CFCEC29267749007CCEB1 /* MainTabBarViewController.swift in Sources */,
				5B6CFD0A29268F13007CCEB1 /* CollectionViewTableViewCell.swift in Sources */,
				5BD40D5E292759FD0091CCF7 /* Title.swift in Sources */,
				5B6CFD0C2926B773007CCEB1 /* HeroHeaderUIView.swift in Sources */,
				5BD40D5C292753370091CCF7 /* APICaller.swift in Sources */,
				5B6CFD0329267A9A007CCEB1 /* DownloadsViewController.swift in Sources */,
				5BD30404292A1597005F3E99 /* SearchResultsViewController.swift in Sources */,
				5BD40D6029275FF50091CCF7 /* Extensions.swift in Sources */,
				5BEBCA86292A921B00872E75 /* YoutubeSearchResponse.swift in Sources */,
				5B6CFCFF29267A15007CCEB1 /* UpCommingViewController.swift in Sources */,
				5BEBCA8A292AA17600872E75 /* TitlePreviewViewModel.swift in Sources */,
				5B6CFCE829267749007CCEB1 /* AppDelegate.swift in Sources */,
				5BEBCA88292A9C3D00872E75 /* TitlePreviewViewController.swift in Sources */,
				5B6CFCEA29267749007CCEB1 /* SceneDelegate.swift in Sources */,
				5B6CFCFD292679D2007CCEB1 /* HomeViewController.swift in Sources */,
				5BC476B22928C659003282E6 /* TitleViewModel.swift in Sources */,
			);
			runOnlyForDeploymentPostprocessing = 0;
		};
/* End PBXSourcesBuildPhase section */

/* Begin PBXVariantGroup section */
		5B6CFCF229267749007CCEB1 /* LaunchScreen.storyboard */ = {
			isa = PBXVariantGroup;
			children = (
				5B6CFCF329267749007CCEB1 /* Base */,
			);
			name = LaunchScreen.storyboard;
			sourceTree = "<group>";
		};
/* End PBXVariantGroup section */

/* Begin XCBuildConfiguration section */
		5B6CFCF629267749007CCEB1 /* Debug */ = {
			isa = XCBuildConfiguration;
			buildSettings = {
				ALWAYS_SEARCH_USER_PATHS = NO;
				CLANG_ANALYZER_NONNULL = YES;
				CLANG_ANALYZER_NUMBER_OBJECT_CONVERSION = YES_AGGRESSIVE;
				CLANG_CXX_LANGUAGE_STANDARD = "gnu++20";
				CLANG_ENABLE_MODULES = YES;
				CLANG_ENABLE_OBJC_ARC = YES;
				CLANG_ENABLE_OBJC_WEAK = YES;
				CLANG_WARN_BLOCK_CAPTURE_AUTORELEASING = YES;
				CLANG_WARN_BOOL_CONVERSION = YES;
				CLANG_WARN_COMMA = YES;
				CLANG_WARN_CONSTANT_CONVERSION = YES;
				CLANG_WARN_DEPRECATED_OBJC_IMPLEMENTATIONS = YES;
				CLANG_WARN_DIRECT_OBJC_ISA_USAGE = YES_ERROR;
				CLANG_WARN_DOCUMENTATION_COMMENTS = YES;
				CLANG_WARN_EMPTY_BODY = YES;
				CLANG_WARN_ENUM_CONVERSION = YES;
				CLANG_WARN_INFINITE_RECURSION = YES;
				CLANG_WARN_INT_CONVERSION = YES;
				CLANG_WARN_NON_LITERAL_NULL_CONVERSION = YES;
				CLANG_WARN_OBJC_IMPLICIT_RETAIN_SELF = YES;
				CLANG_WARN_OBJC_LITERAL_CONVERSION = YES;
				CLANG_WARN_OBJC_ROOT_CLASS = YES_ERROR;
				CLANG_WARN_QUOTED_INCLUDE_IN_FRAMEWORK_HEADER = YES;
				CLANG_WARN_RANGE_LOOP_ANALYSIS = YES;
				CLANG_WARN_STRICT_PROTOTYPES = YES;
				CLANG_WARN_SUSPICIOUS_MOVE = YES;
				CLANG_WARN_UNGUARDED_AVAILABILITY = YES_AGGRESSIVE;
				CLANG_WARN_UNREACHABLE_CODE = YES;
				CLANG_WARN__DUPLICATE_METHOD_MATCH = YES;
				COPY_PHASE_STRIP = NO;
				DEBUG_INFORMATION_FORMAT = dwarf;
				ENABLE_STRICT_OBJC_MSGSEND = YES;
				ENABLE_TESTABILITY = YES;
				GCC_C_LANGUAGE_STANDARD = gnu11;
				GCC_DYNAMIC_NO_PIC = NO;
				GCC_NO_COMMON_BLOCKS = YES;
				GCC_OPTIMIZATION_LEVEL = 0;
				GCC_PREPROCESSOR_DEFINITIONS = (
					"DEBUG=1",
					"$(inherited)",
				);
				GCC_WARN_64_TO_32_BIT_CONVERSION = YES;
				GCC_WARN_ABOUT_RETURN_TYPE = YES_ERROR;
				GCC_WARN_UNDECLARED_SELECTOR = YES;
				GCC_WARN_UNINITIALIZED_AUTOS = YES_AGGRESSIVE;
				GCC_WARN_UNUSED_FUNCTION = YES;
				GCC_WARN_UNUSED_VARIABLE = YES;
				IPHONEOS_DEPLOYMENT_TARGET = 16.0;
				MTL_ENABLE_DEBUG_INFO = INCLUDE_SOURCE;
				MTL_FAST_MATH = YES;
				ONLY_ACTIVE_ARCH = YES;
				SDKROOT = iphoneos;
				SWIFT_ACTIVE_COMPILATION_CONDITIONS = DEBUG;
				SWIFT_OPTIMIZATION_LEVEL = "-Onone";
			};
			name = Debug;
		};
		5B6CFCF729267749007CCEB1 /* Release */ = {
			isa = XCBuildConfiguration;
			buildSettings = {
				ALWAYS_SEARCH_USER_PATHS = NO;
				CLANG_ANALYZER_NONNULL = YES;
				CLANG_ANALYZER_NUMBER_OBJECT_CONVERSION = YES_AGGRESSIVE;
				CLANG_CXX_LANGUAGE_STANDARD = "gnu++20";
				CLANG_ENABLE_MODULES = YES;
				CLANG_ENABLE_OBJC_ARC = YES;
				CLANG_ENABLE_OBJC_WEAK = YES;
				CLANG_WARN_BLOCK_CAPTURE_AUTORELEASING = YES;
				CLANG_WARN_BOOL_CONVERSION = YES;
				CLANG_WARN_COMMA = YES;
				CLANG_WARN_CONSTANT_CONVERSION = YES;
				CLANG_WARN_DEPRECATED_OBJC_IMPLEMENTATIONS = YES;
				CLANG_WARN_DIRECT_OBJC_ISA_USAGE = YES_ERROR;
				CLANG_WARN_DOCUMENTATION_COMMENTS = YES;
				CLANG_WARN_EMPTY_BODY = YES;
				CLANG_WARN_ENUM_CONVERSION = YES;
				CLANG_WARN_INFINITE_RECURSION = YES;
				CLANG_WARN_INT_CONVERSION = YES;
				CLANG_WARN_NON_LITERAL_NULL_CONVERSION = YES;
				CLANG_WARN_OBJC_IMPLICIT_RETAIN_SELF = YES;
				CLANG_WARN_OBJC_LITERAL_CONVERSION = YES;
				CLANG_WARN_OBJC_ROOT_CLASS = YES_ERROR;
				CLANG_WARN_QUOTED_INCLUDE_IN_FRAMEWORK_HEADER = YES;
				CLANG_WARN_RANGE_LOOP_ANALYSIS = YES;
				CLANG_WARN_STRICT_PROTOTYPES = YES;
				CLANG_WARN_SUSPICIOUS_MOVE = YES;
				CLANG_WARN_UNGUARDED_AVAILABILITY = YES_AGGRESSIVE;
				CLANG_WARN_UNREACHABLE_CODE = YES;
				CLANG_WARN__DUPLICATE_METHOD_MATCH = YES;
				COPY_PHASE_STRIP = NO;
				DEBUG_INFORMATION_FORMAT = "dwarf-with-dsym";
				ENABLE_NS_ASSERTIONS = NO;
				ENABLE_STRICT_OBJC_MSGSEND = YES;
				GCC_C_LANGUAGE_STANDARD = gnu11;
				GCC_NO_COMMON_BLOCKS = YES;
				GCC_WARN_64_TO_32_BIT_CONVERSION = YES;
				GCC_WARN_ABOUT_RETURN_TYPE = YES_ERROR;
				GCC_WARN_UNDECLARED_SELECTOR = YES;
				GCC_WARN_UNINITIALIZED_AUTOS = YES_AGGRESSIVE;
				GCC_WARN_UNUSED_FUNCTION = YES;
				GCC_WARN_UNUSED_VARIABLE = YES;
				IPHONEOS_DEPLOYMENT_TARGET = 16.0;
				MTL_ENABLE_DEBUG_INFO = NO;
				MTL_FAST_MATH = YES;
				SDKROOT = iphoneos;
				SWIFT_COMPILATION_MODE = wholemodule;
				SWIFT_OPTIMIZATION_LEVEL = "-O";
				VALIDATE_PRODUCT = YES;
			};
			name = Release;
		};
		5B6CFCF929267749007CCEB1 /* Debug */ = {
			isa = XCBuildConfiguration;
			buildSettings = {
				ASSETCATALOG_COMPILER_APPICON_NAME = AppIcon;
				ASSETCATALOG_COMPILER_GLOBAL_ACCENT_COLOR_NAME = AccentColor;
				CODE_SIGN_STYLE = Automatic;
				CURRENT_PROJECT_VERSION = 1;
				GENERATE_INFOPLIST_FILE = YES;
				INFOPLIST_FILE = "Netflix Clone/Info.plist";
				INFOPLIST_KEY_UIApplicationSupportsIndirectInputEvents = YES;
				INFOPLIST_KEY_UILaunchStoryboardName = LaunchScreen;
				INFOPLIST_KEY_UISupportedInterfaceOrientations_iPad = "UIInterfaceOrientationPortrait UIInterfaceOrientationPortraitUpsideDown UIInterfaceOrientationLandscapeLeft UIInterfaceOrientationLandscapeRight";
				INFOPLIST_KEY_UISupportedInterfaceOrientations_iPhone = "UIInterfaceOrientationPortrait UIInterfaceOrientationLandscapeLeft UIInterfaceOrientationLandscapeRight";
				LD_RUNPATH_SEARCH_PATHS = (
					"$(inherited)",
					"@executable_path/Frameworks",
				);
				MARKETING_VERSION = 1.0;
				PRODUCT_BUNDLE_IDENTIFIER = "Salem.Netflix-Clone";
				PRODUCT_NAME = "$(TARGET_NAME)";
				SWIFT_EMIT_LOC_STRINGS = YES;
				SWIFT_VERSION = 5.0;
				TARGETED_DEVICE_FAMILY = "1,2";
			};
			name = Debug;
		};
		5B6CFCFA29267749007CCEB1 /* Release */ = {
			isa = XCBuildConfiguration;
			buildSettings = {
				ASSETCATALOG_COMPILER_APPICON_NAME = AppIcon;
				ASSETCATALOG_COMPILER_GLOBAL_ACCENT_COLOR_NAME = AccentColor;
				CODE_SIGN_STYLE = Automatic;
				CURRENT_PROJECT_VERSION = 1;
				GENERATE_INFOPLIST_FILE = YES;
				INFOPLIST_FILE = "Netflix Clone/Info.plist";
				INFOPLIST_KEY_UIApplicationSupportsIndirectInputEvents = YES;
				INFOPLIST_KEY_UILaunchStoryboardName = LaunchScreen;
				INFOPLIST_KEY_UISupportedInterfaceOrientations_iPad = "UIInterfaceOrientationPortrait UIInterfaceOrientationPortraitUpsideDown UIInterfaceOrientationLandscapeLeft UIInterfaceOrientationLandscapeRight";
				INFOPLIST_KEY_UISupportedInterfaceOrientations_iPhone = "UIInterfaceOrientationPortrait UIInterfaceOrientationLandscapeLeft UIInterfaceOrientationLandscapeRight";
				LD_RUNPATH_SEARCH_PATHS = (
					"$(inherited)",
					"@executable_path/Frameworks",
				);
				MARKETING_VERSION = 1.0;
				PRODUCT_BUNDLE_IDENTIFIER = "Salem.Netflix-Clone";
				PRODUCT_NAME = "$(TARGET_NAME)";
				SWIFT_EMIT_LOC_STRINGS = YES;
				SWIFT_VERSION = 5.0;
				TARGETED_DEVICE_FAMILY = "1,2";
			};
			name = Release;
		};
/* End XCBuildConfiguration section */

/* Begin XCConfigurationList section */
		5B6CFCDF29267749007CCEB1 /* Build configuration list for PBXProject "Netflix Clone" */ = {
			isa = XCConfigurationList;
			buildConfigurations = (
				5B6CFCF629267749007CCEB1 /* Debug */,
				5B6CFCF729267749007CCEB1 /* Release */,
			);
			defaultConfigurationIsVisible = 0;
			defaultConfigurationName = Release;
		};
		5B6CFCF829267749007CCEB1 /* Build configuration list for PBXNativeTarget "Netflix Clone" */ = {
			isa = XCConfigurationList;
			buildConfigurations = (
				5B6CFCF929267749007CCEB1 /* Debug */,
				5B6CFCFA29267749007CCEB1 /* Release */,
			);
			defaultConfigurationIsVisible = 0;
			defaultConfigurationName = Release;
		};
/* End XCConfigurationList section */

/* Begin XCRemoteSwiftPackageReference section */
		5BD40D6529277DB60091CCF7 /* XCRemoteSwiftPackageReference "SDWebImage" */ = {
			isa = XCRemoteSwiftPackageReference;
			repositoryURL = "https://github.com/SDWebImage/SDWebImage.git";
			requirement = {
				kind = upToNextMajorVersion;
				minimumVersion = 5.0.0;
			};
		};
/* End XCRemoteSwiftPackageReference section */

/* Begin XCSwiftPackageProductDependency section */
		5BD40D6629277DB60091CCF7 /* SDWebImage */ = {
			isa = XCSwiftPackageProductDependency;
			package = 5BD40D6529277DB60091CCF7 /* XCRemoteSwiftPackageReference "SDWebImage" */;
			productName = SDWebImage;
		};
		5BD40D6829277DB60091CCF7 /* SDWebImageMapKit */ = {
			isa = XCSwiftPackageProductDependency;
			package = 5BD40D6529277DB60091CCF7 /* XCRemoteSwiftPackageReference "SDWebImage" */;
			productName = SDWebImageMapKit;
		};
/* End XCSwiftPackageProductDependency section */
	};
	rootObject = 5B6CFCDC29267749007CCEB1 /* Project object */;
}
